
Microsoft Visual Studio Solution File, Format Version 12.00
# Visual Studio 15
VisualStudioVersion = 15.0.28010.2026
MinimumVisualStudioVersion = 10.0.40219.1
Project("{FAE04EC0-301F-11D3-BF4B-00C04F79EFBC}") = "Graphics3", "Graphics3\Graphics3.csproj", "{942C0DEB-6745-4273-B04F-A02A36899CE1}"
EndProject
Global
	GlobalSection(SolutionConfigurationPlatforms) = preSolution
		Debug|Any CPU = Debug|Any CPU
		Release|Any CPU = Release|Any CPU
	EndGlobalSection
	GlobalSection(ProjectConfigurationPlatforms) = postSolution
		{942C0DEB-6745-4273-B04F-A02A36899CE1}.Debug|Any CPU.ActiveCfg = Debug|Any CPU
		{942C0DEB-6745-4273-B04F-A02A36899CE1}.Debug|Any CPU.Build.0 = Debug|Any CPU
		{942C0DEB-6745-4273-B04F-A02A36899CE1}.Release|Any CPU.ActiveCfg = Release|Any CPU
		{942C0DEB-6745-4273-B04F-A02A36899CE1}.Release|Any CPU.Build.0 = Release|Any CPU
	EndGlobalSection
	GlobalSection(SolutionProperties) = preSolution
		HideSolutionNode = FALSE
	EndGlobalSection
	GlobalSection(ExtensibilityGlobals) = postSolution
		SolutionGuid = {A125548C-F029-4FF2-A6AA-7C745E4FE810}
	EndGlobalSection
EndGlobal
